
Microsoft Visual Studio Solution File, Format Version 12.00
# Visual Studio Version 17
VisualStudioVersion = 17.4.33213.308
MinimumVisualStudioVersion = 10.0.40219.1
Project("{FAE04EC0-301F-11D3-BF4B-00C04F79EFBC}") = "PacientesApi", "PacientesApi.csproj", "{CDA80ABC-1C4E-4892-A411-3840190D07CC}"
EndProject
Global
	GlobalSection(SolutionConfigurationPlatforms) = preSolution
		Debug|Any CPU = Debug|Any CPU
		Release|Any CPU = Release|Any CPU
	EndGlobalSection
	GlobalSection(ProjectConfigurationPlatforms) = postSolution
		{CDA80ABC-1C4E-4892-A411-3840190D07CC}.Debug|Any CPU.ActiveCfg = Debug|Any CPU
		{CDA80ABC-1C4E-4892-A411-3840190D07CC}.Debug|Any CPU.Build.0 = Debug|Any CPU
		{CDA80ABC-1C4E-4892-A411-3840190D07CC}.Release|Any CPU.ActiveCfg = Release|Any CPU
		{CDA80ABC-1C4E-4892-A411-3840190D07CC}.Release|Any CPU.Build.0 = Release|Any CPU
	EndGlobalSection
	GlobalSection(SolutionProperties) = preSolution
		HideSolutionNode = FALSE
	EndGlobalSection
	GlobalSection(ExtensibilityGlobals) = postSolution
		SolutionGuid = {4933EE03-BAD6-4106-B9BB-77C052209F51}
	EndGlobalSection
EndGlobal
